
Microsoft Visual Studio Solution File, Format Version 12.00
# Visual Studio Version 16
VisualStudioVersion = 16.0.30711.63
MinimumVisualStudioVersion = 10.0.40219.1
Project("{FAE04EC0-301F-11D3-BF4B-00C04F79EFBC}") = "ConsoleApp2", "ConsoleApp2\ConsoleApp2.csproj", "{07495B2B-50EA-47AF-A2FF-4CA800FFCF74}"
EndProject
Global
	GlobalSection(SolutionConfigurationPlatforms) = preSolution
		Debug|Any CPU = Debug|Any CPU
		Release|Any CPU = Release|Any CPU
	EndGlobalSection
	GlobalSection(ProjectConfigurationPlatforms) = postSolution
		{07495B2B-50EA-47AF-A2FF-4CA800FFCF74}.Debug|Any CPU.ActiveCfg = Debug|Any CPU
		{07495B2B-50EA-47AF-A2FF-4CA800FFCF74}.Debug|Any CPU.Build.0 = Debug|Any CPU
		{07495B2B-50EA-47AF-A2FF-4CA800FFCF74}.Release|Any CPU.ActiveCfg = Release|Any CPU
		{07495B2B-50EA-47AF-A2FF-4CA800FFCF74}.Release|Any CPU.Build.0 = Release|Any CPU
	EndGlobalSection
	GlobalSection(SolutionProperties) = preSolution
		HideSolutionNode = FALSE
	EndGlobalSection
	GlobalSection(ExtensibilityGlobals) = postSolution
		SolutionGuid = {2EC006B7-75FA-4666-AE48-F722960E61D6}
	EndGlobalSection
EndGlobal
